# THIS IS AN AUTOGENERATED FILE. DO NOT EDIT THIS FILE DIRECTLY.
# yarn lockfile v1


"@osdevisnot/prettier@2.1.0":
  version "2.1.0"
  resolved "https://registry.yarnpkg.com/@osdevisnot/prettier/-/prettier-2.1.0.tgz#0df47a4d2441e3c98c0680dafda8ba1f75cb4dab"
  integrity sha512-qJFJDtoaFADasxIybK+7X1z5hEgoQoQI4TQDnqj7DDnbistTbQqxgbw4Nb6shEdTzjIlxMQq9opJ4yKLL4in9g==
  dependencies:
    prettier "*"

klap@3.2.3:
  version "3.2.3"
  resolved "https://registry.yarnpkg.com/klap/-/klap-3.2.3.tgz#616ccee3a3c99183c002ef19214f7a3dc34fc743"
  integrity sha512-qIO6/R97UmObe3BFX2M8EfIjIg90CY0KsUHxoZ8VsDYJx7DoaVzEPyHtj1aBzUP5GyJHOQL1U3wReLigxxjV/A==

prettier@*:
  version "1.19.1"
  resolved "https://registry.yarnpkg.com/prettier/-/prettier-1.19.1.tgz#f7d7f5ff8a9cd872a7be4ca142095956a60797cb"
  integrity sha512-s7PoyDv/II1ObgQunCbB9PdLmUcBZcnWOcxDh7O0N/UwDEsHyqkW+Qh28jW+mVuCdx7gLB0BotYI1Y6uI9iyew==
