# THIS IS AN AUTOGENERATED FILE. DO NOT EDIT THIS FILE DIRECTLY.
# yarn lockfile v1


klap@3.5.4:
  version "3.5.4"
  resolved "https://registry.yarnpkg.com/klap/-/klap-3.5.4.tgz#6d4a5a9b13c9fe641b934a7d4940023a95aaa3cd"
  integrity sha512-GDs6TI/xR0l9cC6NOJrvwilQcvXNfsrG/FC/udNuP95xzLzwervEsdM/Lbo9N5Xto9xRzmTzDLjUW8mthS8hnA==
